// !$*UTF8*$!
{
	archiveVersion = 1;
	classes = {
	};
	objectVersion = 56;
	objects = {

/* Begin PBXBuildFile section */
		061DB38B29E8E5FF008273A4 /* CircleImage.swift in Sources */ = {isa = PBXBuildFile; fileRef = 061DB38A29E8E5FF008273A4 /* CircleImage.swift */; };
		061DB38D29E8E6AE008273A4 /* MapView.swift in Sources */ = {isa = PBXBuildFile; fileRef = 061DB38C29E8E6AE008273A4 /* MapView.swift */; };
		061DB38F29E8E8B5008273A4 /* landmarkData.json in Resources */ = {isa = PBXBuildFile; fileRef = 061DB38E29E8E8B5008273A4 /* landmarkData.json */; };
		061DB39129E8E8D7008273A4 /* Landmark.swift in Sources */ = {isa = PBXBuildFile; fileRef = 061DB39029E8E8D7008273A4 /* Landmark.swift */; };
		061DB39329E8E98C008273A4 /* ModelData.swift in Sources */ = {isa = PBXBuildFile; fileRef = 061DB39229E8E98C008273A4 /* ModelData.swift */; };
		061DB39A29E8EA92008273A4 /* LandmarkRow.swift in Sources */ = {isa = PBXBuildFile; fileRef = 061DB39929E8EA92008273A4 /* LandmarkRow.swift */; };
		061DB39C29E8EB55008273A4 /* LandmarkList.swift in Sources */ = {isa = PBXBuildFile; fileRef = 061DB39B29E8EB55008273A4 /* LandmarkList.swift */; };
		061DB39E29E8EC33008273A4 /* LandmarkDetail.swift in Sources */ = {isa = PBXBuildFile; fileRef = 061DB39D29E8EC33008273A4 /* LandmarkDetail.swift */; };
		061DB3A029E8F1B3008273A4 /* FavoriteButton.swift in Sources */ = {isa = PBXBuildFile; fileRef = 061DB39F29E8F1B3008273A4 /* FavoriteButton.swift */; };
		0658C28529E4F3A000D991D0 /* AFL3_0706012110034_Marsha_Alexis_LikorawungApp.swift in Sources */ = {isa = PBXBuildFile; fileRef = 0658C28429E4F3A000D991D0 /* AFL3_0706012110034_Marsha_Alexis_LikorawungApp.swift */; };
		0658C28729E4F3A000D991D0 /* ContentView.swift in Sources */ = {isa = PBXBuildFile; fileRef = 0658C28629E4F3A000D991D0 /* ContentView.swift */; };
		0658C28929E4F3A100D991D0 /* Assets.xcassets in Resources */ = {isa = PBXBuildFile; fileRef = 0658C28829E4F3A100D991D0 /* Assets.xcassets */; };
		0658C28C29E4F3A100D991D0 /* Preview Assets.xcassets in Resources */ = {isa = PBXBuildFile; fileRef = 0658C28B29E4F3A100D991D0 /* Preview Assets.xcassets */; };
/* End PBXBuildFile section */

/* Begin PBXFileReference section */
		061DB38A29E8E5FF008273A4 /* CircleImage.swift */ = {isa = PBXFileReference; lastKnownFileType = sourcecode.swift; path = CircleImage.swift; sourceTree = "<group>"; };
		061DB38C29E8E6AE008273A4 /* MapView.swift */ = {isa = PBXFileReference; lastKnownFileType = sourcecode.swift; path = MapView.swift; sourceTree = "<group>"; };
		061DB38E29E8E8B5008273A4 /* landmarkData.json */ = {isa = PBXFileReference; fileEncoding = 4; lastKnownFileType = text.json; path = landmarkData.json; sourceTree = "<group>"; };
		061DB39029E8E8D7008273A4 /* Landmark.swift */ = {isa = PBXFileReference; lastKnownFileType = sourcecode.swift; path = Landmark.swift; sourceTree = "<group>"; };
		061DB39229E8E98C008273A4 /* ModelData.swift */ = {isa = PBXFileReference; lastKnownFileType = sourcecode.swift; path = ModelData.swift; sourceTree = "<group>"; };
		061DB39929E8EA92008273A4 /* LandmarkRow.swift */ = {isa = PBXFileReference; lastKnownFileType = sourcecode.swift; path = LandmarkRow.swift; sourceTree = "<group>"; };
		061DB39B29E8EB55008273A4 /* LandmarkList.swift */ = {isa = PBXFileReference; lastKnownFileType = sourcecode.swift; path = LandmarkList.swift; sourceTree = "<group>"; };
		061DB39D29E8EC33008273A4 /* LandmarkDetail.swift */ = {isa = PBXFileReference; lastKnownFileType = sourcecode.swift; path = LandmarkDetail.swift; sourceTree = "<group>"; };
		061DB39F29E8F1B3008273A4 /* FavoriteButton.swift */ = {isa = PBXFileReference; lastKnownFileType = sourcecode.swift; path = FavoriteButton.swift; sourceTree = "<group>"; };
		0658C28129E4F3A000D991D0 /* AFL3-0706012110034-Marsha Alexis Likorawung.app */ = {isa = PBXFileReference; explicitFileType = wrapper.application; includeInIndex = 0; path = "AFL3-0706012110034-Marsha Alexis Likorawung.app"; sourceTree = BUILT_PRODUCTS_DIR; };
		0658C28429E4F3A000D991D0 /* AFL3_0706012110034_Marsha_Alexis_LikorawungApp.swift */ = {isa = PBXFileReference; lastKnownFileType = sourcecode.swift; path = AFL3_0706012110034_Marsha_Alexis_LikorawungApp.swift; sourceTree = "<group>"; };
		0658C28629E4F3A000D991D0 /* ContentView.swift */ = {isa = PBXFileReference; lastKnownFileType = sourcecode.swift; path = ContentView.swift; sourceTree = "<group>"; };
		0658C28829E4F3A100D991D0 /* Assets.xcassets */ = {isa = PBXFileReference; lastKnownFileType = folder.assetcatalog; path = Assets.xcassets; sourceTree = "<group>"; };
		0658C28B29E4F3A100D991D0 /* Preview Assets.xcassets */ = {isa = PBXFileReference; lastKnownFileType = folder.assetcatalog; path = "Preview Assets.xcassets"; sourceTree = "<group>"; };
/* End PBXFileReference section */

/* Begin PBXFrameworksBuildPhase section */
		0658C27E29E4F3A000D991D0 /* Frameworks */ = {
			isa = PBXFrameworksBuildPhase;
			buildActionMask = 2147483647;
			files = (
			);
			runOnlyForDeploymentPostprocessing = 0;
		};
/* End PBXFrameworksBuildPhase section */

/* Begin PBXGroup section */
		061DB39429E8E9BD008273A4 /* Views */ = {
			isa = PBXGroup;
			children = (
				0658C28629E4F3A000D991D0 /* ContentView.swift */,
			);
			path = Views;
			sourceTree = "<group>";
		};
		061DB39729E8E9ED008273A4 /* Model */ = {
			isa = PBXGroup;
			children = (
				061DB39029E8E8D7008273A4 /* Landmark.swift */,
				061DB39229E8E98C008273A4 /* ModelData.swift */,
			);
			path = Model;
			sourceTree = "<group>";
		};
		061DB39829E8EA0F008273A4 /* Resources */ = {
			isa = PBXGroup;
			children = (
				061DB38E29E8E8B5008273A4 /* landmarkData.json */,
			);
			path = Resources;
			sourceTree = "<group>";
		};
		061DB3A229E8F1DD008273A4 /* Landmarks */ = {
			isa = PBXGroup;
			children = (
				061DB39929E8EA92008273A4 /* LandmarkRow.swift */,
				061DB39D29E8EC33008273A4 /* LandmarkDetail.swift */,
				061DB39B29E8EB55008273A4 /* LandmarkList.swift */,
			);
			path = Landmarks;
			sourceTree = "<group>";
		};
		061DB3A329E8F1F5008273A4 /* Helpers */ = {
			isa = PBXGroup;
			children = (
				061DB38A29E8E5FF008273A4 /* CircleImage.swift */,
				061DB39F29E8F1B3008273A4 /* FavoriteButton.swift */,
				061DB38C29E8E6AE008273A4 /* MapView.swift */,
			);
			path = Helpers;
			sourceTree = "<group>";
		};
		0658C27829E4F3A000D991D0 = {
			isa = PBXGroup;
			children = (
				0658C28329E4F3A000D991D0 /* AFL3-0706012110034-Marsha Alexis Likorawung */,
				0658C28229E4F3A000D991D0 /* Products */,
			);
			sourceTree = "<group>";
		};
		0658C28229E4F3A000D991D0 /* Products */ = {
			isa = PBXGroup;
			children = (
				0658C28129E4F3A000D991D0 /* AFL3-0706012110034-Marsha Alexis Likorawung.app */,
			);
			name = Products;
			sourceTree = "<group>";
		};
		0658C28329E4F3A000D991D0 /* AFL3-0706012110034-Marsha Alexis Likorawung */ = {
			isa = PBXGroup;
			children = (
				061DB3A329E8F1F5008273A4 /* Helpers */,
				061DB3A229E8F1DD008273A4 /* Landmarks */,
				061DB39829E8EA0F008273A4 /* Resources */,
				061DB39729E8E9ED008273A4 /* Model */,
				061DB39429E8E9BD008273A4 /* Views */,
				0658C28429E4F3A000D991D0 /* AFL3_0706012110034_Marsha_Alexis_LikorawungApp.swift */,
				0658C28829E4F3A100D991D0 /* Assets.xcassets */,
				0658C28A29E4F3A100D991D0 /* Preview Content */,
			);
			path = "AFL3-0706012110034-Marsha Alexis Likorawung";
			sourceTree = "<group>";
		};
		0658C28A29E4F3A100D991D0 /* Preview Content */ = {
			isa = PBXGroup;
			children = (
				0658C28B29E4F3A100D991D0 /* Preview Assets.xcassets */,
			);
			path = "Preview Content";
			sourceTree = "<group>";
		};
/* End PBXGroup section */

/* Begin PBXNativeTarget section */
		0658C28029E4F3A000D991D0 /* AFL3-0706012110034-Marsha Alexis Likorawung */ = {
			isa = PBXNativeTarget;
			buildConfigurationList = 0658C28F29E4F3A100D991D0 /* Build configuration list for PBXNativeTarget "AFL3-0706012110034-Marsha Alexis Likorawung" */;
			buildPhases = (
				0658C27D29E4F3A000D991D0 /* Sources */,
				0658C27E29E4F3A000D991D0 /* Frameworks */,
				0658C27F29E4F3A000D991D0 /* Resources */,
			);
			buildRules = (
			);
			dependencies = (
			);
			name = "AFL3-0706012110034-Marsha Alexis Likorawung";
			productName = "AFL3-0706012110034-Marsha Alexis Likorawung";
			productReference = 0658C28129E4F3A000D991D0 /* AFL3-0706012110034-Marsha Alexis Likorawung.app */;
			productType = "com.apple.product-type.application";
		};
/* End PBXNativeTarget section */

/* Begin PBXProject section */
		0658C27929E4F3A000D991D0 /* Project object */ = {
			isa = PBXProject;
			attributes = {
				BuildIndependentTargetsInParallel = 1;
				LastSwiftUpdateCheck = 1430;
				LastUpgradeCheck = 1430;
				TargetAttributes = {
					0658C28029E4F3A000D991D0 = {
						CreatedOnToolsVersion = 14.3;
					};
				};
			};
			buildConfigurationList = 0658C27C29E4F3A000D991D0 /* Build configuration list for PBXProject "AFL3-0706012110034-Marsha Alexis Likorawung" */;
			compatibilityVersion = "Xcode 14.0";
			developmentRegion = en;
			hasScannedForEncodings = 0;
			knownRegions = (
				en,
				Base,
			);
			mainGroup = 0658C27829E4F3A000D991D0;
			productRefGroup = 0658C28229E4F3A000D991D0 /* Products */;
			projectDirPath = "";
			projectRoot = "";
			targets = (
				0658C28029E4F3A000D991D0 /* AFL3-0706012110034-Marsha Alexis Likorawung */,
			);
		};
/* End PBXProject section */

/* Begin PBXResourcesBuildPhase section */
		0658C27F29E4F3A000D991D0 /* Resources */ = {
			isa = PBXResourcesBuildPhase;
			buildActionMask = 2147483647;
			files = (
				0658C28C29E4F3A100D991D0 /* Preview Assets.xcassets in Resources */,
				0658C28929E4F3A100D991D0 /* Assets.xcassets in Resources */,
				061DB38F29E8E8B5008273A4 /* landmarkData.json in Resources */,
			);
			runOnlyForDeploymentPostprocessing = 0;
		};
/* End PBXResourcesBuildPhase section */

/* Begin PBXSourcesBuildPhase section */
		0658C27D29E4F3A000D991D0 /* Sources */ = {
			isa = PBXSourcesBuildPhase;
			buildActionMask = 2147483647;
			files = (
				0658C28729E4F3A000D991D0 /* ContentView.swift in Sources */,
				061DB38D29E8E6AE008273A4 /* MapView.swift in Sources */,
				0658C28529E4F3A000D991D0 /* AFL3_0706012110034_Marsha_Alexis_LikorawungApp.swift in Sources */,
				061DB3A029E8F1B3008273A4 /* FavoriteButton.swift in Sources */,
				061DB39C29E8EB55008273A4 /* LandmarkList.swift in Sources */,
				061DB39E29E8EC33008273A4 /* LandmarkDetail.swift in Sources */,
				061DB38B29E8E5FF008273A4 /* CircleImage.swift in Sources */,
				061DB39129E8E8D7008273A4 /* Landmark.swift in Sources */,
				061DB39A29E8EA92008273A4 /* LandmarkRow.swift in Sources */,
				061DB39329E8E98C008273A4 /* ModelData.swift in Sources */,
			);
			runOnlyForDeploymentPostprocessing = 0;
		};
/* End PBXSourcesBuildPhase section */

/* Begin XCBuildConfiguration section */
		0658C28D29E4F3A100D991D0 /* Debug */ = {
			isa = XCBuildConfiguration;
			buildSettings = {
				ALWAYS_SEARCH_USER_PATHS = NO;
				CLANG_ANALYZER_NONNULL = YES;
				CLANG_ANALYZER_NUMBER_OBJECT_CONVERSION = YES_AGGRESSIVE;
				CLANG_CXX_LANGUAGE_STANDARD = "gnu++20";
				CLANG_ENABLE_MODULES = YES;
				CLANG_ENABLE_OBJC_ARC = YES;
				CLANG_ENABLE_OBJC_WEAK = YES;
				CLANG_WARN_BLOCK_CAPTURE_AUTORELEASING = YES;
				CLANG_WARN_BOOL_CONVERSION = YES;
				CLANG_WARN_COMMA = YES;
				CLANG_WARN_CONSTANT_CONVERSION = YES;
				CLANG_WARN_DEPRECATED_OBJC_IMPLEMENTATIONS = YES;
				CLANG_WARN_DIRECT_OBJC_ISA_USAGE = YES_ERROR;
				CLANG_WARN_DOCUMENTATION_COMMENTS = YES;
				CLANG_WARN_EMPTY_BODY = YES;
				CLANG_WARN_ENUM_CONVERSION = YES;
				CLANG_WARN_INFINITE_RECURSION = YES;
				CLANG_WARN_INT_CONVERSION = YES;
				CLANG_WARN_NON_LITERAL_NULL_CONVERSION = YES;
				CLANG_WARN_OBJC_IMPLICIT_RETAIN_SELF = YES;
				CLANG_WARN_OBJC_LITERAL_CONVERSION = YES;
				CLANG_WARN_OBJC_ROOT_CLASS = YES_ERROR;
				CLANG_WARN_QUOTED_INCLUDE_IN_FRAMEWORK_HEADER = YES;
				CLANG_WARN_RANGE_LOOP_ANALYSIS = YES;
				CLANG_WARN_STRICT_PROTOTYPES = YES;
				CLANG_WARN_SUSPICIOUS_MOVE = YES;
				CLANG_WARN_UNGUARDED_AVAILABILITY = YES_AGGRESSIVE;
				CLANG_WARN_UNREACHABLE_CODE = YES;
				CLANG_WARN__DUPLICATE_METHOD_MATCH = YES;
				COPY_PHASE_STRIP = NO;
				DEBUG_INFORMATION_FORMAT = dwarf;
				ENABLE_PREVIEWS = YES;
				ENABLE_STRICT_OBJC_MSGSEND = YES;
				ENABLE_TESTABILITY = YES;
				GCC_C_LANGUAGE_STANDARD = gnu11;
				GCC_DYNAMIC_NO_PIC = NO;
				GCC_NO_COMMON_BLOCKS = YES;
				GCC_OPTIMIZATION_LEVEL = 0;
				GCC_PREPROCESSOR_DEFINITIONS = (
					"DEBUG=1",
					"$(inherited)",
				);
				GCC_WARN_64_TO_32_BIT_CONVERSION = YES;
				GCC_WARN_ABOUT_RETURN_TYPE = YES_ERROR;
				GCC_WARN_UNDECLARED_SELECTOR = YES;
				GCC_WARN_UNINITIALIZED_AUTOS = YES_AGGRESSIVE;
				GCC_WARN_UNUSED_FUNCTION = YES;
				GCC_WARN_UNUSED_VARIABLE = YES;
				IPHONEOS_DEPLOYMENT_TARGET = 16.4;
				MTL_ENABLE_DEBUG_INFO = INCLUDE_SOURCE;
				MTL_FAST_MATH = YES;
				ONLY_ACTIVE_ARCH = YES;
				SDKROOT = iphoneos;
				SWIFT_ACTIVE_COMPILATION_CONDITIONS = DEBUG;
				SWIFT_OPTIMIZATION_LEVEL = "-Onone";
			};
			name = Debug;
		};
		0658C28E29E4F3A100D991D0 /* Release */ = {
			isa = XCBuildConfiguration;
			buildSettings = {
				ALWAYS_SEARCH_USER_PATHS = NO;
				CLANG_ANALYZER_NONNULL = YES;
				CLANG_ANALYZER_NUMBER_OBJECT_CONVERSION = YES_AGGRESSIVE;
				CLANG_CXX_LANGUAGE_STANDARD = "gnu++20";
				CLANG_ENABLE_MODULES = YES;
				CLANG_ENABLE_OBJC_ARC = YES;
				CLANG_ENABLE_OBJC_WEAK = YES;
				CLANG_WARN_BLOCK_CAPTURE_AUTORELEASING = YES;
				CLANG_WARN_BOOL_CONVERSION = YES;
				CLANG_WARN_COMMA = YES;
				CLANG_WARN_CONSTANT_CONVERSION = YES;
				CLANG_WARN_DEPRECATED_OBJC_IMPLEMENTATIONS = YES;
				CLANG_WARN_DIRECT_OBJC_ISA_USAGE = YES_ERROR;
				CLANG_WARN_DOCUMENTATION_COMMENTS = YES;
				CLANG_WARN_EMPTY_BODY = YES;
				CLANG_WARN_ENUM_CONVERSION = YES;
				CLANG_WARN_INFINITE_RECURSION = YES;
				CLANG_WARN_INT_CONVERSION = YES;
				CLANG_WARN_NON_LITERAL_NULL_CONVERSION = YES;
				CLANG_WARN_OBJC_IMPLICIT_RETAIN_SELF = YES;
				CLANG_WARN_OBJC_LITERAL_CONVERSION = YES;
				CLANG_WARN_OBJC_ROOT_CLASS = YES_ERROR;
				CLANG_WARN_QUOTED_INCLUDE_IN_FRAMEWORK_HEADER = YES;
				CLANG_WARN_RANGE_LOOP_ANALYSIS = YES;
				CLANG_WARN_STRICT_PROTOTYPES = YES;
				CLANG_WARN_SUSPICIOUS_MOVE = YES;
				CLANG_WARN_UNGUARDED_AVAILABILITY = YES_AGGRESSIVE;
				CLANG_WARN_UNREACHABLE_CODE = YES;
				CLANG_WARN__DUPLICATE_METHOD_MATCH = YES;
				COPY_PHASE_STRIP = NO;
				DEBUG_INFORMATION_FORMAT = "dwarf-with-dsym";
				ENABLE_NS_ASSERTIONS = NO;
				ENABLE_PREVIEWS = YES;
				ENABLE_STRICT_OBJC_MSGSEND = YES;
				GCC_C_LANGUAGE_STANDARD = gnu11;
				GCC_NO_COMMON_BLOCKS = YES;
				GCC_WARN_64_TO_32_BIT_CONVERSION = YES;
				GCC_WARN_ABOUT_RETURN_TYPE = YES_ERROR;
				GCC_WARN_UNDECLARED_SELECTOR = YES;
				GCC_WARN_UNINITIALIZED_AUTOS = YES_AGGRESSIVE;
				GCC_WARN_UNUSED_FUNCTION = YES;
				GCC_WARN_UNUSED_VARIABLE = YES;
				IPHONEOS_DEPLOYMENT_TARGET = 16.4;
				MTL_ENABLE_DEBUG_INFO = NO;
				MTL_FAST_MATH = YES;
				SDKROOT = iphoneos;
				SWIFT_COMPILATION_MODE = wholemodule;
				SWIFT_OPTIMIZATION_LEVEL = "-O";
				VALIDATE_PRODUCT = YES;
			};
			name = Release;
		};
		0658C29029E4F3A100D991D0 /* Debug */ = {
			isa = XCBuildConfiguration;
			buildSettings = {
				ASSETCATALOG_COMPILER_APPICON_NAME = AppIcon;
				ASSETCATALOG_COMPILER_GLOBAL_ACCENT_COLOR_NAME = AccentColor;
				CODE_SIGN_STYLE = Automatic;
				CURRENT_PROJECT_VERSION = 1;
				DEVELOPMENT_ASSET_PATHS = "\"AFL3-0706012110034-Marsha Alexis Likorawung/Preview Content\"";
				DEVELOPMENT_TEAM = 7573MGT656;
				ENABLE_PREVIEWS = YES;
				GENERATE_INFOPLIST_FILE = YES;
				INFOPLIST_KEY_UIApplicationSceneManifest_Generation = YES;
				INFOPLIST_KEY_UIApplicationSupportsIndirectInputEvents = YES;
				INFOPLIST_KEY_UILaunchScreen_Generation = YES;
				INFOPLIST_KEY_UISupportedInterfaceOrientations_iPad = "UIInterfaceOrientationPortrait UIInterfaceOrientationPortraitUpsideDown UIInterfaceOrientationLandscapeLeft UIInterfaceOrientationLandscapeRight";
				INFOPLIST_KEY_UISupportedInterfaceOrientations_iPhone = "UIInterfaceOrientationPortrait UIInterfaceOrientationLandscapeLeft UIInterfaceOrientationLandscapeRight";
				IPHONEOS_DEPLOYMENT_TARGET = 16.4;
				LD_RUNPATH_SEARCH_PATHS = (
					"$(inherited)",
					"@executable_path/Frameworks",
				);
				MARKETING_VERSION = 1.0;
				PRODUCT_BUNDLE_IDENTIFIER = "com.Marsha.AFL3-0706012110034-Marsha-Alexis-Likorawung";
				PRODUCT_NAME = "$(TARGET_NAME)";
				SWIFT_EMIT_LOC_STRINGS = YES;
				SWIFT_VERSION = 5.0;
				TARGETED_DEVICE_FAMILY = "1,2";
			};
			name = Debug;
		};
		0658C29129E4F3A100D991D0 /* Release */ = {
			isa = XCBuildConfiguration;
			buildSettings = {
				ASSETCATALOG_COMPILER_APPICON_NAME = AppIcon;
				ASSETCATALOG_COMPILER_GLOBAL_ACCENT_COLOR_NAME = AccentColor;
				CODE_SIGN_STYLE = Automatic;
				CURRENT_PROJECT_VERSION = 1;
				DEVELOPMENT_ASSET_PATHS = "\"AFL3-0706012110034-Marsha Alexis Likorawung/Preview Content\"";
				DEVELOPMENT_TEAM = 7573MGT656;
				ENABLE_PREVIEWS = YES;
				GENERATE_INFOPLIST_FILE = YES;
				INFOPLIST_KEY_UIApplicationSceneManifest_Generation = YES;
				INFOPLIST_KEY_UIApplicationSupportsIndirectInputEvents = YES;
				INFOPLIST_KEY_UILaunchScreen_Generation = YES;
				INFOPLIST_KEY_UISupportedInterfaceOrientations_iPad = "UIInterfaceOrientationPortrait UIInterfaceOrientationPortraitUpsideDown UIInterfaceOrientationLandscapeLeft UIInterfaceOrientationLandscapeRight";
				INFOPLIST_KEY_UISupportedInterfaceOrientations_iPhone = "UIInterfaceOrientationPortrait UIInterfaceOrientationLandscapeLeft UIInterfaceOrientationLandscapeRight";
				IPHONEOS_DEPLOYMENT_TARGET = 16.4;
				LD_RUNPATH_SEARCH_PATHS = (
					"$(inherited)",
					"@executable_path/Frameworks",
				);
				MARKETING_VERSION = 1.0;
				PRODUCT_BUNDLE_IDENTIFIER = "com.Marsha.AFL3-0706012110034-Marsha-Alexis-Likorawung";
				PRODUCT_NAME = "$(TARGET_NAME)";
				SWIFT_EMIT_LOC_STRINGS = YES;
				SWIFT_VERSION = 5.0;
				TARGETED_DEVICE_FAMILY = "1,2";
			};
			name = Release;
		};
/* End XCBuildConfiguration section */

/* Begin XCConfigurationList section */
		0658C27C29E4F3A000D991D0 /* Build configuration list for PBXProject "AFL3-0706012110034-Marsha Alexis Likorawung" */ = {
			isa = XCConfigurationList;
			buildConfigurations = (
				0658C28D29E4F3A100D991D0 /* Debug */,
				0658C28E29E4F3A100D991D0 /* Release */,
			);
			defaultConfigurationIsVisible = 0;
			defaultConfigurationName = Release;
		};
		0658C28F29E4F3A100D991D0 /* Build configuration list for PBXNativeTarget "AFL3-0706012110034-Marsha Alexis Likorawung" */ = {
			isa = XCConfigurationList;
			buildConfigurations = (
				0658C29029E4F3A100D991D0 /* Debug */,
				0658C29129E4F3A100D991D0 /* Release */,
			);
			defaultConfigurationIsVisible = 0;
			defaultConfigurationName = Release;
		};
/* End XCConfigurationList section */
	};
	rootObject = 0658C27929E4F3A000D991D0 /* Project object */;
}
